{
  "name": "booking-plugin",
  "version": "0.0.1",
  "lockfileVersion": 1,
  "requires": true,
  "dependencies": {
    "@stencil/core": {
      "version": "1.17.4",
      "resolved": "https://registry.npmjs.org/@stencil/core/-/core-1.17.4.tgz",
      "integrity": "sha512-dmuNYM6fnHPvE2ptHoUBQtjcpXqrHnkDtdyUD6/JrZWcJt6jBtrykewObOxzpDCMLs+NT7668ussRagdVL03gQ==",
      "dev": true,
      "requires": {
        "typescript": "3.9.7"
      }
    },
    "flatpickr": {
      "version": "4.6.13",
      "resolved": "https://registry.npmjs.org/flatpickr/-/flatpickr-4.6.13.tgz",
      "integrity": "sha512-97PMG/aywoYpB4IvbvUJi0RQi8vearvU0oov1WW3k0WZPBMrTQVqekSX5CjSG/M4Q3i6A/0FKXC7RyAoAUUSPw=="
    },
    "moment": {
      "version": "2.29.4",
      "resolved": "https://registry.npmjs.org/moment/-/moment-2.29.4.tgz",
      "integrity": "sha512-5LC9SOxjSc2HF6vO2CyuTDNivEdoz2IvyJJGj6X8DJ0eFyfszE0QiEd+iXmBvUP3WHxSjFH/vIsA0EN00cgr8w=="
    },
    "stencil": {
      "version": "0.0.5",
      "resolved": "https://registry.npmjs.org/stencil/-/stencil-0.0.5.tgz",
      "integrity": "sha512-UwOSrS3i9Z2DQAbI+hxxzBMJKwJxRLVrTVGqAahs/GAAeB/82QjxmcD91CJ/UpMLk2aCxxqbCC4Rl8f1UJ27+Q==",
      "requires": {
        "xmldom": "0.1.15"
      }
    },
    "typescript": {
      "version": "3.9.7",
      "resolved": "https://registry.npmjs.org/typescript/-/typescript-3.9.7.tgz",
      "integrity": "sha512-BLbiRkiBzAwsjut4x/dsibSTB6yWpwT5qWmC2OfuCg3GgVQCSgMs4vEctYPhsaGtd0AeuuHMkjZ2h2WG8MSzRw==",
      "dev": true
    },
    "xmldom": {
      "version": "0.1.15",
      "resolved": "https://registry.npmjs.org/xmldom/-/xmldom-0.1.15.tgz",
      "integrity": "sha512-ssWmE9kBZudhl4iPLmXqaShPuASNKIQIikBzsloOjZqMyfbuQRn/ggz0k9NDa9YFI3+oFvp8t7TsqwmZLTvpoA=="
    }
  }
}
